
Microsoft Visual Studio Solution File, Format Version 12.00
# Visual Studio Version 17
VisualStudioVersion = 17.0.31903.59
MinimumVisualStudioVersion = 10.0.40219.1
Project("{2150E333-8FDC-42A3-9474-1A3956D46DE8}") = "src", "src", "{CCAFF7C6-E7E2-41ED-8485-513C03452D63}"
EndProject
Project("{FAE04EC0-301F-11D3-BF4B-00C04F79EFBC}") = "Eleventa.Domain", "src\Eleventa.Domain\Eleventa.Domain.csproj", "{F849B44F-D842-4272-8AD8-9EDAEDC6F88D}"
EndProject
Project("{FAE04EC0-301F-11D3-BF4B-00C04F79EFBC}") = "Eleventa.Application", "src\Eleventa.Application\Eleventa.Application.csproj", "{DE0B35E7-282F-4ADB-9870-A323580F9C73}"
EndProject
Project("{FAE04EC0-301F-11D3-BF4B-00C04F79EFBC}") = "Eleventa.Infrastructure", "src\Eleventa.Infrastructure\Eleventa.Infrastructure.csproj", "{16CEA234-31D6-40EC-9568-2E73C1270826}"
EndProject
Project("{2150E333-8FDC-42A3-9474-1A3956D46DE8}") = "tests", "tests", "{CDD0E4B0-E5F7-4258-9A33-8F526ADD6E54}"
EndProject
Project("{FAE04EC0-301F-11D3-BF4B-00C04F79EFBC}") = "Eleventa.Tests", "tests\Eleventa.Tests\Eleventa.Tests.csproj", "{9CD77A72-050D-46F8-9C0E-2F3748F7907E}"
EndProject
Global
	GlobalSection(SolutionConfigurationPlatforms) = preSolution
		Debug|Any CPU = Debug|Any CPU
		Release|Any CPU = Release|Any CPU
	EndGlobalSection
	GlobalSection(SolutionProperties) = preSolution
		HideSolutionNode = FALSE
	EndGlobalSection
	GlobalSection(ProjectConfigurationPlatforms) = postSolution
		{F849B44F-D842-4272-8AD8-9EDAEDC6F88D}.Debug|Any CPU.ActiveCfg = Debug|Any CPU
		{F849B44F-D842-4272-8AD8-9EDAEDC6F88D}.Debug|Any CPU.Build.0 = Debug|Any CPU
		{F849B44F-D842-4272-8AD8-9EDAEDC6F88D}.Release|Any CPU.ActiveCfg = Release|Any CPU
		{F849B44F-D842-4272-8AD8-9EDAEDC6F88D}.Release|Any CPU.Build.0 = Release|Any CPU
		{DE0B35E7-282F-4ADB-9870-A323580F9C73}.Debug|Any CPU.ActiveCfg = Debug|Any CPU
		{DE0B35E7-282F-4ADB-9870-A323580F9C73}.Debug|Any CPU.Build.0 = Debug|Any CPU
		{DE0B35E7-282F-4ADB-9870-A323580F9C73}.Release|Any CPU.ActiveCfg = Release|Any CPU
		{DE0B35E7-282F-4ADB-9870-A323580F9C73}.Release|Any CPU.Build.0 = Release|Any CPU
		{16CEA234-31D6-40EC-9568-2E73C1270826}.Debug|Any CPU.ActiveCfg = Debug|Any CPU
		{16CEA234-31D6-40EC-9568-2E73C1270826}.Debug|Any CPU.Build.0 = Debug|Any CPU
		{16CEA234-31D6-40EC-9568-2E73C1270826}.Release|Any CPU.ActiveCfg = Release|Any CPU
		{16CEA234-31D6-40EC-9568-2E73C1270826}.Release|Any CPU.Build.0 = Release|Any CPU
		{9CD77A72-050D-46F8-9C0E-2F3748F7907E}.Debug|Any CPU.ActiveCfg = Debug|Any CPU
		{9CD77A72-050D-46F8-9C0E-2F3748F7907E}.Debug|Any CPU.Build.0 = Debug|Any CPU
		{9CD77A72-050D-46F8-9C0E-2F3748F7907E}.Release|Any CPU.ActiveCfg = Release|Any CPU
		{9CD77A72-050D-46F8-9C0E-2F3748F7907E}.Release|Any CPU.Build.0 = Release|Any CPU
	EndGlobalSection
	GlobalSection(NestedProjects) = preSolution
		{F849B44F-D842-4272-8AD8-9EDAEDC6F88D} = {CCAFF7C6-E7E2-41ED-8485-513C03452D63}
		{DE0B35E7-282F-4ADB-9870-A323580F9C73} = {CCAFF7C6-E7E2-41ED-8485-513C03452D63}
		{16CEA234-31D6-40EC-9568-2E73C1270826} = {CCAFF7C6-E7E2-41ED-8485-513C03452D63}
		{9CD77A72-050D-46F8-9C0E-2F3748F7907E} = {CDD0E4B0-E5F7-4258-9A33-8F526ADD6E54}
	EndGlobalSection
EndGlobal
